
Microsoft Visual Studio Solution File, Format Version 12.00
# Visual Studio Version 16
VisualStudioVersion = 16.0.31424.327
MinimumVisualStudioVersion = 10.0.40219.1
Project("{FAE04EC0-301F-11D3-BF4B-00C04F79EFBC}") = "CMShoppingCart", "CMShoppingCart\CMShoppingCart.csproj", "{7A9F3102-B2F8-401D-BF15-884F6DE1EAA7}"
EndProject
Global
	GlobalSection(SolutionConfigurationPlatforms) = preSolution
		Debug|Any CPU = Debug|Any CPU
		Release|Any CPU = Release|Any CPU
	EndGlobalSection
	GlobalSection(ProjectConfigurationPlatforms) = postSolution
		{7A9F3102-B2F8-401D-BF15-884F6DE1EAA7}.Debug|Any CPU.ActiveCfg = Debug|Any CPU
		{7A9F3102-B2F8-401D-BF15-884F6DE1EAA7}.Debug|Any CPU.Build.0 = Debug|Any CPU
		{7A9F3102-B2F8-401D-BF15-884F6DE1EAA7}.Release|Any CPU.ActiveCfg = Release|Any CPU
		{7A9F3102-B2F8-401D-BF15-884F6DE1EAA7}.Release|Any CPU.Build.0 = Release|Any CPU
	EndGlobalSection
	GlobalSection(SolutionProperties) = preSolution
		HideSolutionNode = FALSE
	EndGlobalSection
	GlobalSection(ExtensibilityGlobals) = postSolution
		SolutionGuid = {FDBEB3F8-4290-47FB-ADE1-66A4B0D3921F}
	EndGlobalSection
EndGlobal
